{
  "version": 4,
  "terraform_version": "1.6.6",
  "serial": 11,
  "lineage": "a314656f-ea9e-0dd4-5ffc-18ffad6f9064",
  "outputs": {
    "vpc_id": {
      "value": "vpc-06a3cb9b3125e43f5",
      "type": "string"
    }
  },
  "resources": [
    {
      "mode": "managed",
      "type": "aws_vpc",
      "name": "nmstokyovpc",
      "provider": "provider[\"registry.terraform.io/hashicorp/aws\"]",
      "instances": [
        {
          "schema_version": 1,
          "attributes": {
            "arn": "arn:aws:ec2:ap-northeast-1:691805305572:vpc/vpc-06a3cb9b3125e43f5",
            "assign_generated_ipv6_cidr_block": false,
            "cidr_block": "10.0.0.0/16",
            "default_network_acl_id": "acl-0e1429269ef498212",
            "default_route_table_id": "rtb-0337cb0b5a9f7b15c",
            "default_security_group_id": "sg-0ba4c08985643c8df",
            "dhcp_options_id": "dopt-07c474ac4e92fa09e",
            "enable_dns_hostnames": false,
            "enable_dns_support": true,
            "enable_network_address_usage_metrics": false,
            "id": "vpc-06a3cb9b3125e43f5",
            "instance_tenancy": "default",
            "ipv4_ipam_pool_id": null,
            "ipv4_netmask_length": null,
            "ipv6_association_id": "",
            "ipv6_cidr_block": "",
            "ipv6_cidr_block_network_border_group": "",
            "ipv6_ipam_pool_id": "",
            "ipv6_netmask_length": 0,
            "main_route_table_id": "rtb-0337cb0b5a9f7b15c",
            "owner_id": "691805305572",
            "tags": {
              "Name": "nmsVPC",
              "project": "NMSproject"
            },
            "tags_all": {
              "Name": "nmsVPC",
              "project": "NMSproject"
            }
          },
          "sensitive_attributes": [],
          "private": "eyJzY2hlbWFfdmVyc2lvbiI6IjEifQ=="
        }
      ]
    }
  ],
  "check_results": null
}
